{
  "version": 4,
  "terraform_version": "1.12.2",
  "serial": 38,
  "lineage": "caff6f20-6b5c-c498-3292-87975e9e5a8a",
  "outputs": {},
  "resources": [
    {
      "mode": "data",
      "type": "aws_iam_policy_document",
      "name": "require_mfa",
      "provider": "provider[\"registry.terraform.io/hashicorp/aws\"]",
      "instances": [
        {
          "schema_version": 0,
          "attributes": {
            "id": "2321705531",
            "json": "{\n  \"Version\": \"2012-10-17\",\n  \"Statement\": [\n    {\n      \"Sid\": \"DenyAllUnlessUsingMFA\",\n      \"Effect\": \"Deny\",\n      \"Action\": \"*\",\n      \"Resource\": \"*\",\n      \"Condition\": {\n        \"BoolIfExists\": {\n          \"aws:MultiFactorAuthPresent\": \"false\"\n        }\n      }\n    }\n  ]\n}",
            "minified_json": "{\"Version\":\"2012-10-17\",\"Statement\":[{\"Sid\":\"DenyAllUnlessUsingMFA\",\"Effect\":\"Deny\",\"Action\":\"*\",\"Resource\":\"*\",\"Condition\":{\"BoolIfExists\":{\"aws:MultiFactorAuthPresent\":\"false\"}}}]}",
            "override_json": null,
            "override_policy_documents": null,
            "policy_id": null,
            "source_json": null,
            "source_policy_documents": null,
            "statement": [
              {
                "actions": [
                  "*"
                ],
                "condition": [
                  {
                    "test": "BoolIfExists",
                    "values": [
                      "false"
                    ],
                    "variable": "aws:MultiFactorAuthPresent"
                  }
                ],
                "effect": "Deny",
                "not_actions": [],
                "not_principals": [],
                "not_resources": [],
                "principals": [],
                "resources": [
                  "*"
                ],
                "sid": "DenyAllUnlessUsingMFA"
              }
            ],
            "version": "2012-10-17"
          },
          "sensitive_attributes": [],
          "identity_schema_version": 0
        }
      ]
    },
    {
      "mode": "managed",
      "type": "aws_iam_account_password_policy",
      "name": "secure_password_policy",
      "provider": "provider[\"registry.terraform.io/hashicorp/aws\"]",
      "instances": [
        {
          "schema_version": 0,
          "attributes": {
            "allow_users_to_change_password": true,
            "expire_passwords": true,
            "hard_expiry": false,
            "id": "iam-account-password-policy",
            "max_password_age": 90,
            "minimum_password_length": 11,
            "password_reuse_prevention": 5,
            "require_lowercase_characters": true,
            "require_numbers": true,
            "require_symbols": true,
            "require_uppercase_characters": true
          },
          "sensitive_attributes": [],
          "identity_schema_version": 0,
          "private": "bnVsbA=="
        }
      ]
    },
    {
      "mode": "managed",
      "type": "aws_iam_group",
      "name": "data_analysts",
      "provider": "provider[\"registry.terraform.io/hashicorp/aws\"]",
      "instances": [
        {
          "schema_version": 0,
          "attributes": {
            "arn": "arn:aws:iam::047719626616:group/users/data_analysts",
            "id": "data_analysts",
            "name": "data_analysts",
            "path": "/users/",
            "unique_id": "AGPAQWHCPW54HYSAZ6V7M"
          },
          "sensitive_attributes": [],
          "identity_schema_version": 0,
          "private": "bnVsbA=="
        }
      ]
    },
    {
      "mode": "managed",
      "type": "aws_iam_group",
      "name": "developers",
      "provider": "provider[\"registry.terraform.io/hashicorp/aws\"]",
      "instances": [
        {
          "schema_version": 0,
          "attributes": {
            "arn": "arn:aws:iam::047719626616:group/users/developers",
            "id": "developers",
            "name": "developers",
            "path": "/users/",
            "unique_id": "AGPAQWHCPW54HZDGYK5BH"
          },
          "sensitive_attributes": [],
          "identity_schema_version": 0,
          "private": "bnVsbA=="
        }
      ]
    },
    {
      "mode": "managed",
      "type": "aws_iam_group",
      "name": "finance",
      "provider": "provider[\"registry.terraform.io/hashicorp/aws\"]",
      "instances": [
        {
          "schema_version": 0,
          "attributes": {
            "arn": "arn:aws:iam::047719626616:group/users/finance",
            "id": "finance",
            "name": "finance",
            "path": "/users/",
            "unique_id": "AGPAQWHCPW54P4FFZLJJX"
          },
          "sensitive_attributes": [],
          "identity_schema_version": 0,
          "private": "bnVsbA=="
        }
      ]
    },
    {
      "mode": "managed",
      "type": "aws_iam_group",
      "name": "operations",
      "provider": "provider[\"registry.terraform.io/hashicorp/aws\"]",
      "instances": [
        {
          "schema_version": 0,
          "attributes": {
            "arn": "arn:aws:iam::047719626616:group/users/operations",
            "id": "operations",
            "name": "operations",
            "path": "/users/",
            "unique_id": "AGPAQWHCPW54FWSRKQSWT"
          },
          "sensitive_attributes": [],
          "identity_schema_version": 0,
          "private": "bnVsbA=="
        }
      ]
    },
    {
      "mode": "managed",
      "type": "aws_iam_group_membership",
      "name": "data_analysts_group_membership",
      "provider": "provider[\"registry.terraform.io/hashicorp/aws\"]",
      "instances": [
        {
          "schema_version": 0,
          "attributes": {
            "group": "data_analysts",
            "id": "data-analysts-group-membership",
            "name": "data-analysts-group-membership",
            "users": [
              "data_analyst_1",
              "data_analyst_2",
              "data_analyst_3"
            ]
          },
          "sensitive_attributes": [],
          "identity_schema_version": 0,
          "private": "bnVsbA==",
          "dependencies": [
            "aws_iam_group.data_analysts",
            "aws_iam_user.data_analysts_1",
            "aws_iam_user.data_analysts_2",
            "aws_iam_user.data_analysts_3"
          ]
        }
      ]
    },
    {
      "mode": "managed",
      "type": "aws_iam_group_membership",
      "name": "developer_group_membership",
      "provider": "provider[\"registry.terraform.io/hashicorp/aws\"]",
      "instances": [
        {
          "schema_version": 0,
          "attributes": {
            "group": "developers",
            "id": "developer-group-membership",
            "name": "developer-group-membership",
            "users": [
              "developer_1",
              "developer_2",
              "developer_3",
              "developer_4"
            ]
          },
          "sensitive_attributes": [],
          "identity_schema_version": 0,
          "private": "bnVsbA==",
          "dependencies": [
            "aws_iam_group.developers",
            "aws_iam_user.developer_1",
            "aws_iam_user.developer_2",
            "aws_iam_user.developer_3",
            "aws_iam_user.developer_4"
          ]
        }
      ]
    },
    {
      "mode": "managed",
      "type": "aws_iam_group_membership",
      "name": "finance_group_membership",
      "provider": "provider[\"registry.terraform.io/hashicorp/aws\"]",
      "instances": [
        {
          "schema_version": 0,
          "attributes": {
            "group": "finance",
            "id": "finance-group-membership",
            "name": "finance-group-membership",
            "users": [
              "finance_user1",
              "finance_user2"
            ]
          },
          "sensitive_attributes": [],
          "identity_schema_version": 0,
          "private": "bnVsbA==",
          "dependencies": [
            "aws_iam_group.finance",
            "aws_iam_user.finance1",
            "aws_iam_user.finance2"
          ]
        }
      ]
    },
    {
      "mode": "managed",
      "type": "aws_iam_group_membership",
      "name": "operations_group_membership",
      "provider": "provider[\"registry.terraform.io/hashicorp/aws\"]",
      "instances": [
        {
          "schema_version": 0,
          "attributes": {
            "group": "operations",
            "id": "operations-group-membership",
            "name": "operations-group-membership",
            "users": [
              "operations_1",
              "operations_2"
            ]
          },
          "sensitive_attributes": [],
          "identity_schema_version": 0,
          "private": "bnVsbA==",
          "dependencies": [
            "aws_iam_group.operations",
            "aws_iam_user.operations_1",
            "aws_iam_user.operations_2"
          ]
        }
      ]
    },
    {
      "mode": "managed",
      "type": "aws_iam_group_policy",
      "name": "data_analysts_group_policy",
      "provider": "provider[\"registry.terraform.io/hashicorp/aws\"]",
      "instances": [
        {
          "schema_version": 0,
          "attributes": {
            "group": "data_analysts",
            "id": "data_analysts:data_analysts_policy",
            "name": "data_analysts_policy",
            "name_prefix": "",
            "policy": "{\"Version\":\"2012-10-17\",\"Statement\":[{\"Action\":[\"s3:Get*\",\"s3:List*\",\"s3:Describe*\",\"s3-object-lambda:Get*\",\"s3-object-lambda:List*\"],\"Effect\":\"Allow\",\"Resource\":\"*\"},{\"Action\":[\"rds:Describe*\",\"rds:ListTagsForResource\",\"ec2:DescribeAccountAttributes\",\"ec2:DescribeAvailabilityZones\",\"ec2:DescribeInternetGateways\",\"ec2:DescribeSecurityGroups\",\"ec2:DescribeSubnets\",\"ec2:DescribeVpcAttribute\",\"ec2:DescribeVpcs\"],\"Effect\":\"Allow\",\"Resource\":\"*\"},{\"Action\":[\"cloudwatch:GetMetricStatistics\",\"cloudwatch:ListMetrics\",\"cloudwatch:GetMetricData\",\"logs:DescribeLogStreams\",\"logs:GetLogEvents\",\"devops-guru:GetResourceCollection\"],\"Effect\":\"Allow\",\"Resource\":\"*\"},{\"Action\":[\"devops-guru:SearchInsights\",\"devops-guru:ListAnomaliesForInsight\"],\"Condition\":{\"ForAllValues:StringEquals\":{\"devops-guru:ServiceNames\":[\"RDS\"]},\"Null\":{\"devops-guru:ServiceNames\":\"false\"}},\"Effect\":\"Allow\",\"Resource\":\"*\"}]}"
          },
          "sensitive_attributes": [],
          "identity_schema_version": 0,
          "private": "bnVsbA==",
          "dependencies": [
            "aws_iam_group.data_analysts"
          ]
        }
      ]
    },
    {
      "mode": "managed",
      "type": "aws_iam_group_policy",
      "name": "developer_group_policy",
      "provider": "provider[\"registry.terraform.io/hashicorp/aws\"]",
      "instances": [
        {
          "schema_version": 0,
          "attributes": {
            "group": "developers",
            "id": "developers:developer_policy",
            "name": "developer_policy",
            "name_prefix": "",
            "policy": "{\"Version\":\"2012-10-17\",\"Statement\":[{\"Action\":\"ec2:*\",\"Effect\":\"Allow\",\"Resource\":\"*\"},{\"Action\":\"elasticloadbalancing:*\",\"Effect\":\"Allow\",\"Resource\":\"*\"},{\"Action\":\"autoscaling:*\",\"Effect\":\"Allow\",\"Resource\":\"*\"},{\"Action\":\"iam:CreateServiceLinkedRole\",\"Condition\":{\"StringEquals\":{\"iam:AWSServiceName\":[\"autoscaling.amazonaws.com\",\"ec2scheduled.amazonaws.com\",\"elasticloadbalancing.amazonaws.com\",\"spot.amazonaws.com\",\"spotfleet.amazonaws.com\",\"transitgateway.amazonaws.com\"]}},\"Effect\":\"Allow\",\"Resource\":\"*\"},{\"Action\":[\"s3:*\",\"s3-object-lambda:*\"],\"Effect\":\"Allow\",\"Resource\":\"arn:aws:s3:::gs-application-bucket/*\"},{\"Action\":[\"logs:Describe*\",\"logs:Get*\",\"logs:List*\",\"logs:StartQuery\",\"logs:StopQuery\",\"logs:TestMetricFilter\",\"logs:FilterLogEvents\",\"logs:StartLiveTail\",\"logs:StopLiveTail\",\"cloudwatch:GenerateQuery\",\"cloudwatch:GenerateQueryResultsSummary\"],\"Effect\":\"Allow\",\"Resource\":\"*\",\"Sid\":\"CloudWatchLogsReadOnlyAccess\"}]}"
          },
          "sensitive_attributes": [],
          "identity_schema_version": 0,
          "private": "bnVsbA==",
          "dependencies": [
            "aws_iam_group.developers"
          ]
        }
      ]
    },
    {
      "mode": "managed",
      "type": "aws_iam_group_policy",
      "name": "finance_group_policy",
      "provider": "provider[\"registry.terraform.io/hashicorp/aws\"]",
      "instances": [
        {
          "schema_version": 0,
          "attributes": {
            "group": "finance",
            "id": "finance:finance_policy",
            "name": "finance_policy",
            "name_prefix": "",
            "policy": "{\"Version\":\"2012-10-17\",\"Statement\":[{\"Action\":[\"cost-optimization-hub:ListEnrollmentStatuses\",\"cost-optimization-hub:UpdateEnrollmentStatus\",\"cost-optimization-hub:GetPreferences\",\"cost-optimization-hub:UpdatePreferences\",\"cost-optimization-hub:GetRecommendation\",\"cost-optimization-hub:ListRecommendations\",\"cost-optimization-hub:ListRecommendationSummaries\"],\"Effect\":\"Allow\",\"Resource\":\"*\",\"Sid\":\"CostOptimizationHubAdminAccess\"},{\"Action\":[\"iam:CreateServiceLinkedRole\"],\"Condition\":{\"StringLike\":{\"iam:AWSServiceName\":\"cost-optimization-hub.bcm.amazonaws.com\"}},\"Effect\":\"Allow\",\"Resource\":[\"arn:aws:iam::*:role/aws-service-role/cost-optimization-hub.bcm.amazonaws.com/AWSServiceRoleForCostOptimizationHub\"],\"Sid\":\"AllowCreationOfServiceLinkedRoleForCostOptimizationHub\"},{\"Action\":[\"organizations:EnableAWSServiceAccess\"],\"Condition\":{\"StringLike\":{\"organizations:ServicePrincipal\":[\"cost-optimization-hub.bcm.amazonaws.com\"]}},\"Effect\":\"Allow\",\"Resource\":\"*\",\"Sid\":\"AllowAWSServiceAccessForCostOptimizationHub\"},{\"Action\":[\"budgets:*\"],\"Effect\":\"Allow\",\"Resource\":\"*\"},{\"Action\":[\"aws-portal:ViewBilling\"],\"Effect\":\"Allow\",\"Resource\":\"*\"},{\"Action\":[\"iam:PassRole\"],\"Condition\":{\"StringEquals\":{\"iam:PassedToService\":\"budgets.amazonaws.com\"}},\"Effect\":\"Allow\",\"Resource\":\"*\"},{\"Action\":[\"aws-portal:ModifyBilling\",\"ec2:DescribeInstances\",\"iam:ListGroups\",\"iam:ListPolicies\",\"iam:ListRoles\",\"iam:ListUsers\",\"organizations:ListAccounts\",\"organizations:ListOrganizationalUnitsForParent\",\"organizations:ListPolicies\",\"organizations:ListRoots\",\"rds:DescribeDBInstances\",\"sns:ListTopics\"],\"Effect\":\"Allow\",\"Resource\":\"*\"},{\"Action\":[\"ram:Get*\",\"ram:List*\"],\"Effect\":\"Allow\",\"Resource\":\"*\"}]}"
          },
          "sensitive_attributes": [],
          "identity_schema_version": 0,
          "private": "bnVsbA==",
          "dependencies": [
            "aws_iam_group.finance"
          ]
        }
      ]
    },
    {
      "mode": "managed",
      "type": "aws_iam_group_policy",
      "name": "operations_group_policy",
      "provider": "provider[\"registry.terraform.io/hashicorp/aws\"]",
      "instances": [
        {
          "schema_version": 0,
          "attributes": {
            "group": "operations",
            "id": "operations:operations_policy",
            "name": "operations_policy",
            "name_prefix": "",
            "policy": "{\"Version\":\"2012-10-17\",\"Statement\":[{\"Action\":\"ec2:*\",\"Effect\":\"Allow\",\"Resource\":\"*\"},{\"Action\":\"elasticloadbalancing:*\",\"Effect\":\"Allow\",\"Resource\":\"*\"},{\"Action\":\"cloudwatch:*\",\"Effect\":\"Allow\",\"Resource\":\"*\"},{\"Action\":\"autoscaling:*\",\"Effect\":\"Allow\",\"Resource\":\"*\"},{\"Action\":\"iam:CreateServiceLinkedRole\",\"Condition\":{\"StringEquals\":{\"iam:AWSServiceName\":[\"autoscaling.amazonaws.com\",\"ec2scheduled.amazonaws.com\",\"elasticloadbalancing.amazonaws.com\",\"spot.amazonaws.com\",\"spotfleet.amazonaws.com\",\"transitgateway.amazonaws.com\"]}},\"Effect\":\"Allow\",\"Resource\":\"*\"},{\"Action\":\"ssm-sap:*\",\"Effect\":\"Allow\",\"Resource\":\"arn:*:ssm-sap:*:*:*\",\"Sid\":\"AwsSsmForSapPermissions\"},{\"Action\":\"iam:CreateServiceLinkedRole\",\"Condition\":{\"StringEquals\":{\"iam:AWSServiceName\":\"ssm-sap.amazonaws.com\"}},\"Effect\":\"Allow\",\"Resource\":\"arn:aws:iam::*:role/aws-service-role/ssm-sap.amazonaws.com/AWSServiceRoleForAWSSSMForSAP\",\"Sid\":\"AwsSsmForSapServiceRoleCreationPermission\"},{\"Action\":[\"ec2:StartInstances\",\"ec2:StopInstances\"],\"Condition\":{\"StringEqualsIgnoreCase\":{\"ec2:resourceTag/SSMForSAPManaged\":\"True\"}},\"Effect\":\"Allow\",\"Resource\":\"arn:aws:ec2:*:*:instance/*\",\"Sid\":\"Ec2StartStopPermission\"},{\"Action\":[\"rds:CrossRegionCommunication\"],\"Effect\":\"Allow\",\"Resource\":\"*\",\"Sid\":\"CrossRegionCommunication\"},{\"Action\":[\"ec2:AllocateAddress\",\"ec2:AssociateAddress\",\"ec2:AuthorizeSecurityGroupIngress\",\"ec2:CreateCoipPoolPermission\",\"ec2:CreateLocalGatewayRouteTablePermission\",\"ec2:CreateNetworkInterface\",\"ec2:CreateSecurityGroup\",\"ec2:DeleteCoipPoolPermission\",\"ec2:DeleteLocalGatewayRouteTablePermission\",\"ec2:DeleteNetworkInterface\",\"ec2:DeleteSecurityGroup\",\"ec2:DescribeAddresses\",\"ec2:DescribeAvailabilityZones\",\"ec2:DescribeCoipPools\",\"ec2:DescribeInternetGateways\",\"ec2:DescribeLocalGatewayRouteTablePermissions\",\"ec2:DescribeLocalGatewayRouteTables\",\"ec2:DescribeLocalGatewayRouteTableVpcAssociations\",\"ec2:DescribeLocalGateways\",\"ec2:DescribeSecurityGroups\",\"ec2:DescribeSubnets\",\"ec2:DescribeVpcAttribute\",\"ec2:DescribeVpcs\",\"ec2:DisassociateAddress\",\"ec2:ModifyNetworkInterfaceAttribute\",\"ec2:ModifyVpcEndpoint\",\"ec2:ReleaseAddress\",\"ec2:RevokeSecurityGroupIngress\",\"ec2:CreateVpcEndpoint\",\"ec2:DescribeVpcEndpoints\",\"ec2:DeleteVpcEndpoints\",\"ec2:AssignPrivateIpAddresses\",\"ec2:UnassignPrivateIpAddresses\"],\"Effect\":\"Allow\",\"Resource\":\"*\",\"Sid\":\"Ec2\"},{\"Action\":[\"logs:CreateLogGroup\"],\"Effect\":\"Allow\",\"Resource\":[\"arn:aws:logs:*:*:log-group:/aws/rds/*\",\"arn:aws:logs:*:*:log-group:/aws/docdb/*\",\"arn:aws:logs:*:*:log-group:/aws/neptune/*\"],\"Sid\":\"CloudWatchLogs\"},{\"Action\":[\"logs:CreateLogStream\",\"logs:PutLogEvents\",\"logs:DescribeLogStreams\"],\"Effect\":\"Allow\",\"Resource\":[\"arn:aws:logs:*:*:log-group:/aws/rds/*:log-stream:*\",\"arn:aws:logs:*:*:log-group:/aws/docdb/*:log-stream:*\",\"arn:aws:logs:*:*:log-group:/aws/neptune/*:log-stream:*\"],\"Sid\":\"CloudWatchStreams\"},{\"Action\":[\"kinesis:CreateStream\",\"kinesis:PutRecord\",\"kinesis:PutRecords\",\"kinesis:DescribeStream\",\"kinesis:SplitShard\",\"kinesis:MergeShards\",\"kinesis:DeleteStream\",\"kinesis:UpdateShardCount\"],\"Effect\":\"Allow\",\"Resource\":[\"arn:aws:kinesis:*:*:stream/aws-rds-das-*\"],\"Sid\":\"Kinesis\"},{\"Action\":[\"cloudwatch:PutMetricData\"],\"Condition\":{\"StringEquals\":{\"cloudwatch:namespace\":[\"AWS/DocDB\",\"AWS/Neptune\",\"AWS/RDS\",\"AWS/Usage\"]}},\"Effect\":\"Allow\",\"Resource\":\"*\",\"Sid\":\"CloudWatch\"},{\"Action\":[\"secretsmanager:GetRandomPassword\"],\"Effect\":\"Allow\",\"Resource\":\"*\",\"Sid\":\"SecretsManagerPassword\"},{\"Action\":[\"secretsmanager:DeleteSecret\",\"secretsmanager:DescribeSecret\",\"secretsmanager:PutSecretValue\",\"secretsmanager:RotateSecret\",\"secretsmanager:UpdateSecret\",\"secretsmanager:UpdateSecretVersionStage\",\"secretsmanager:ListSecretVersionIds\"],\"Condition\":{\"StringLike\":{\"secretsmanager:ResourceTag/aws:secretsmanager:owningService\":\"rds\"}},\"Effect\":\"Allow\",\"Resource\":[\"arn:aws:secretsmanager:*:*:secret:rds!*\"],\"Sid\":\"SecretsManagerSecret\"},{\"Action\":\"secretsmanager:TagResource\",\"Condition\":{\"ForAllValues:StringEquals\":{\"aws:TagKeys\":[\"aws:rds:primaryDBInstanceArn\",\"aws:rds:primaryDBClusterArn\"]},\"StringLike\":{\"secretsmanager:ResourceTag/aws:secretsmanager:owningService\":\"rds\"}},\"Effect\":\"Allow\",\"Resource\":\"arn:aws:secretsmanager:*:*:secret:rds!*\",\"Sid\":\"SecretsManagerTags\"}]}"
          },
          "sensitive_attributes": [],
          "identity_schema_version": 0,
          "private": "bnVsbA==",
          "dependencies": [
            "aws_iam_group.operations"
          ]
        }
      ]
    },
    {
      "mode": "managed",
      "type": "aws_iam_group_policy_attachment",
      "name": "mfa_attachment",
      "provider": "provider[\"registry.terraform.io/hashicorp/aws\"]",
      "instances": [
        {
          "schema_version": 0,
          "attributes": {
            "group": "developers",
            "id": "developers-20250704195614239900000001",
            "policy_arn": "arn:aws:iam::047719626616:policy/RequireMFA"
          },
          "sensitive_attributes": [],
          "identity_schema_version": 0,
          "private": "bnVsbA==",
          "dependencies": [
            "aws_iam_policy.require_mfa",
            "data.aws_iam_policy_document.require_mfa"
          ]
        }
      ]
    },
    {
      "mode": "managed",
      "type": "aws_iam_policy",
      "name": "require_mfa",
      "provider": "provider[\"registry.terraform.io/hashicorp/aws\"]",
      "instances": [
        {
          "schema_version": 0,
          "attributes": {
            "arn": "arn:aws:iam::047719626616:policy/RequireMFA",
            "attachment_count": 1,
            "description": "",
            "id": "arn:aws:iam::047719626616:policy/RequireMFA",
            "name": "RequireMFA",
            "name_prefix": "",
            "path": "/",
            "policy": "{\"Statement\":[{\"Action\":\"*\",\"Condition\":{\"BoolIfExists\":{\"aws:MultiFactorAuthPresent\":\"false\"}},\"Effect\":\"Deny\",\"Resource\":\"*\",\"Sid\":\"DenyAllUnlessUsingMFA\"}],\"Version\":\"2012-10-17\"}",
            "policy_id": "ANPAQWHCPW54HSOFRLCEN",
            "tags": {},
            "tags_all": {}
          },
          "sensitive_attributes": [],
          "identity_schema_version": 0,
          "private": "bnVsbA==",
          "dependencies": [
            "data.aws_iam_policy_document.require_mfa"
          ]
        }
      ]
    },
    {
      "mode": "managed",
      "type": "aws_iam_user",
      "name": "data_analysts_1",
      "provider": "provider[\"registry.terraform.io/hashicorp/aws\"]",
      "instances": [
        {
          "schema_version": 0,
          "attributes": {
            "arn": "arn:aws:iam::047719626616:user/data_analyst_1",
            "force_destroy": false,
            "id": "data_analyst_1",
            "name": "data_analyst_1",
            "path": "/",
            "permissions_boundary": "",
            "tags": {},
            "tags_all": {},
            "unique_id": "AIDAQWHCPW54PJDLK2OP3"
          },
          "sensitive_attributes": [],
          "identity_schema_version": 0,
          "private": "bnVsbA=="
        }
      ]
    },
    {
      "mode": "managed",
      "type": "aws_iam_user",
      "name": "data_analysts_2",
      "provider": "provider[\"registry.terraform.io/hashicorp/aws\"]",
      "instances": [
        {
          "schema_version": 0,
          "attributes": {
            "arn": "arn:aws:iam::047719626616:user/data_analyst_2",
            "force_destroy": false,
            "id": "data_analyst_2",
            "name": "data_analyst_2",
            "path": "/",
            "permissions_boundary": "",
            "tags": {},
            "tags_all": {},
            "unique_id": "AIDAQWHCPW54D2WZ74K2I"
          },
          "sensitive_attributes": [],
          "identity_schema_version": 0,
          "private": "bnVsbA=="
        }
      ]
    },
    {
      "mode": "managed",
      "type": "aws_iam_user",
      "name": "data_analysts_3",
      "provider": "provider[\"registry.terraform.io/hashicorp/aws\"]",
      "instances": [
        {
          "schema_version": 0,
          "attributes": {
            "arn": "arn:aws:iam::047719626616:user/data_analyst_3",
            "force_destroy": false,
            "id": "data_analyst_3",
            "name": "data_analyst_3",
            "path": "/",
            "permissions_boundary": "",
            "tags": {},
            "tags_all": {},
            "unique_id": "AIDAQWHCPW54FUWYTPE3I"
          },
          "sensitive_attributes": [],
          "identity_schema_version": 0,
          "private": "bnVsbA=="
        }
      ]
    },
    {
      "mode": "managed",
      "type": "aws_iam_user",
      "name": "developer_1",
      "provider": "provider[\"registry.terraform.io/hashicorp/aws\"]",
      "instances": [
        {
          "schema_version": 0,
          "attributes": {
            "arn": "arn:aws:iam::047719626616:user/developer_1",
            "force_destroy": false,
            "id": "developer_1",
            "name": "developer_1",
            "path": "/",
            "permissions_boundary": "",
            "tags": {},
            "tags_all": {},
            "unique_id": "AIDAQWHCPW54GCT7WXHF2"
          },
          "sensitive_attributes": [],
          "identity_schema_version": 0,
          "private": "bnVsbA=="
        }
      ]
    },
    {
      "mode": "managed",
      "type": "aws_iam_user",
      "name": "developer_2",
      "provider": "provider[\"registry.terraform.io/hashicorp/aws\"]",
      "instances": [
        {
          "schema_version": 0,
          "attributes": {
            "arn": "arn:aws:iam::047719626616:user/developer_2",
            "force_destroy": false,
            "id": "developer_2",
            "name": "developer_2",
            "path": "/",
            "permissions_boundary": "",
            "tags": {},
            "tags_all": {},
            "unique_id": "AIDAQWHCPW54EHE7PSJBT"
          },
          "sensitive_attributes": [],
          "identity_schema_version": 0,
          "private": "bnVsbA=="
        }
      ]
    },
    {
      "mode": "managed",
      "type": "aws_iam_user",
      "name": "developer_3",
      "provider": "provider[\"registry.terraform.io/hashicorp/aws\"]",
      "instances": [
        {
          "schema_version": 0,
          "attributes": {
            "arn": "arn:aws:iam::047719626616:user/developer_3",
            "force_destroy": false,
            "id": "developer_3",
            "name": "developer_3",
            "path": "/",
            "permissions_boundary": "",
            "tags": {},
            "tags_all": {},
            "unique_id": "AIDAQWHCPW54JUGEE5V6L"
          },
          "sensitive_attributes": [],
          "identity_schema_version": 0,
          "private": "bnVsbA=="
        }
      ]
    },
    {
      "mode": "managed",
      "type": "aws_iam_user",
      "name": "developer_4",
      "provider": "provider[\"registry.terraform.io/hashicorp/aws\"]",
      "instances": [
        {
          "schema_version": 0,
          "attributes": {
            "arn": "arn:aws:iam::047719626616:user/developer_4",
            "force_destroy": false,
            "id": "developer_4",
            "name": "developer_4",
            "path": "/",
            "permissions_boundary": "",
            "tags": {},
            "tags_all": {},
            "unique_id": "AIDAQWHCPW54G27ODC4UX"
          },
          "sensitive_attributes": [],
          "identity_schema_version": 0,
          "private": "bnVsbA=="
        }
      ]
    },
    {
      "mode": "managed",
      "type": "aws_iam_user",
      "name": "finance1",
      "provider": "provider[\"registry.terraform.io/hashicorp/aws\"]",
      "instances": [
        {
          "schema_version": 0,
          "attributes": {
            "arn": "arn:aws:iam::047719626616:user/finance_user1",
            "force_destroy": false,
            "id": "finance_user1",
            "name": "finance_user1",
            "path": "/",
            "permissions_boundary": "",
            "tags": {},
            "tags_all": {},
            "unique_id": "AIDAQWHCPW54JYJAQ4ZHW"
          },
          "sensitive_attributes": [],
          "identity_schema_version": 0,
          "private": "bnVsbA=="
        }
      ]
    },
    {
      "mode": "managed",
      "type": "aws_iam_user",
      "name": "finance2",
      "provider": "provider[\"registry.terraform.io/hashicorp/aws\"]",
      "instances": [
        {
          "schema_version": 0,
          "attributes": {
            "arn": "arn:aws:iam::047719626616:user/finance_user2",
            "force_destroy": false,
            "id": "finance_user2",
            "name": "finance_user2",
            "path": "/",
            "permissions_boundary": "",
            "tags": {},
            "tags_all": {},
            "unique_id": "AIDAQWHCPW54ORVAQFXBH"
          },
          "sensitive_attributes": [],
          "identity_schema_version": 0,
          "private": "bnVsbA=="
        }
      ]
    },
    {
      "mode": "managed",
      "type": "aws_iam_user",
      "name": "operations_1",
      "provider": "provider[\"registry.terraform.io/hashicorp/aws\"]",
      "instances": [
        {
          "schema_version": 0,
          "attributes": {
            "arn": "arn:aws:iam::047719626616:user/operations_1",
            "force_destroy": false,
            "id": "operations_1",
            "name": "operations_1",
            "path": "/",
            "permissions_boundary": "",
            "tags": {},
            "tags_all": {},
            "unique_id": "AIDAQWHCPW54KQIOZ245X"
          },
          "sensitive_attributes": [],
          "identity_schema_version": 0,
          "private": "bnVsbA=="
        }
      ]
    },
    {
      "mode": "managed",
      "type": "aws_iam_user",
      "name": "operations_2",
      "provider": "provider[\"registry.terraform.io/hashicorp/aws\"]",
      "instances": [
        {
          "schema_version": 0,
          "attributes": {
            "arn": "arn:aws:iam::047719626616:user/operations_2",
            "force_destroy": false,
            "id": "operations_2",
            "name": "operations_2",
            "path": "/",
            "permissions_boundary": "",
            "tags": {},
            "tags_all": {},
            "unique_id": "AIDAQWHCPW54B4YFCWB5G"
          },
          "sensitive_attributes": [],
          "identity_schema_version": 0,
          "private": "bnVsbA=="
        }
      ]
    }
  ],
  "check_results": null
}
